{
  "name": "pure-site",
  "version": "1.1.0",
  "dependencies": {
    "combohandler": {
      "version": "0.2.2",
      "from": "combohandler@0.2.x",
      "dependencies": {
        "URIjs": {
          "version": "1.10.1",
          "from": "URIjs@1.10.1"
        }
      }
    },
    "express": {
      "version": "3.2.4",
      "from": "express@3.x",
      "dependencies": {
        "connect": {
          "version": "2.7.9",
          "from": "connect@2.7.9",
          "dependencies": {
            "qs": {
              "version": "0.6.4",
              "from": "qs@0.6.4"
            },
            "formidable": {
              "version": "1.0.13",
              "from": "formidable@1.0.13"
            },
            "bytes": {
              "version": "0.2.0",
              "from": "bytes@0.2.0"
            },
            "pause": {
              "version": "0.0.1",
              "from": "pause@0.0.1"
            }
          }
        },
        "commander": {
          "version": "0.6.1",
          "from": "commander@0.6.1"
        },
        "range-parser": {
          "version": "0.0.4",
          "from": "range-parser@0.0.4"
        },
        "mkdirp": {
          "version": "0.3.4",
          "from": "mkdirp@0.3.4"
        },
        "cookie": {
          "version": "0.0.5",
          "from": "cookie@0.0.5"
        },
        "buffer-crc32": {
          "version": "0.2.1",
          "from": "buffer-crc32@0.2.1"
        },
        "fresh": {
          "version": "0.1.0",
          "from": "fresh@0.1.0"
        },
        "methods": {
          "version": "0.0.1",
          "from": "methods@0.0.1"
        },
        "send": {
          "version": "0.1.0",
          "from": "send@0.1.0",
          "dependencies": {
            "mime": {
              "version": "1.2.6",
              "from": "mime@1.2.6"
            }
          }
        },
        "cookie-signature": {
          "version": "1.0.1",
          "from": "cookie-signature@1.0.1"
        },
        "debug": {
          "version": "0.7.2",
          "from": "debug@*"
        }
      }
    },
    "express3-handlebars": {
      "version": "0.4.1",
      "from": "express3-handlebars@0.4.x",
      "dependencies": {
        "async": {
          "version": "0.2.8",
          "from": "async@~0.2"
        },
        "glob": {
          "version": "3.2.1",
          "from": "glob@3.x",
          "dependencies": {
            "minimatch": {
              "version": "0.2.12",
              "from": "minimatch@~0.2.11",
              "dependencies": {
                "lru-cache": {
                  "version": "2.3.0",
                  "from": "lru-cache@2"
                },
                "sigmund": {
                  "version": "1.0.0",
                  "from": "sigmund@~1.0.0"
                }
              }
            },
            "graceful-fs": {
              "version": "1.2.1",
              "from": "graceful-fs@~1.2.0"
            },
            "inherits": {
              "version": "1.0.0",
              "from": "inherits@1"
            }
          }
        },
        "semver": {
          "version": "1.1.4",
          "from": "semver@1.x"
        }
      }
    },
    "express-state": {
      "version": "0.0.2",
      "from": "express-state@"
    },
    "handlebars": {
      "version": "1.0.11",
      "from": "handlebars@1.x",
      "dependencies": {
        "optimist": {
          "version": "0.3.7",
          "from": "optimist@~0.3",
          "dependencies": {
            "wordwrap": {
              "version": "0.0.2",
              "from": "wordwrap@~0.0.2"
            }
          }
        },
        "uglify-js": {
          "version": "1.2.6",
          "from": "uglify-js@~1.2"
        }
      }
    }
  }
}
