{
  "name": "yuilib-css",
  "version": "0.0.1",
  "dependencies": {
    "combohandler": {
      "version": "0.2.0",
      "dependencies": {
        "express": {
          "version": "3.0.0",
          "dependencies": {
            "connect": {
              "version": "2.6.0",
              "dependencies": {
                "qs": {
                  "version": "0.5.1"
                },
                "formidable": {
                  "version": "1.0.11"
                },
                "bytes": {
                  "version": "0.1.0"
                },
                "send": {
                  "version": "0.0.4",
                  "dependencies": {
                    "mime": {
                      "version": "1.2.6"
                    }
                  }
                },
                "pause": {
                  "version": "0.0.1"
                }
              }
            },
            "commander": {
              "version": "0.6.1"
            },
            "range-parser": {
              "version": "0.0.4"
            },
            "mkdirp": {
              "version": "0.3.3"
            },
            "cookie": {
              "version": "0.0.4"
            },
            "crc": {
              "version": "0.2.0"
            },
            "fresh": {
              "version": "0.1.0"
            },
            "methods": {
              "version": "0.0.1"
            },
            "send": {
              "version": "0.1.0",
              "dependencies": {
                "mime": {
                  "version": "1.2.6"
                }
              }
            },
            "debug": {
              "version": "0.7.2"
            }
          }
        }
      }
    },
    "express": {
      "version": "3.1.0",
      "dependencies": {
        "connect": {
          "version": "2.7.2",
          "dependencies": {
            "qs": {
              "version": "0.5.1"
            },
            "formidable": {
              "version": "1.0.11"
            },
            "bytes": {
              "version": "0.1.0"
            },
            "pause": {
              "version": "0.0.1"
            }
          }
        },
        "commander": {
          "version": "0.6.1"
        },
        "range-parser": {
          "version": "0.0.4"
        },
        "mkdirp": {
          "version": "0.3.3"
        },
        "cookie": {
          "version": "0.0.5"
        },
        "buffer-crc32": {
          "version": "0.1.1"
        },
        "fresh": {
          "version": "0.1.0"
        },
        "methods": {
          "version": "0.0.1"
        },
        "send": {
          "version": "0.1.0",
          "dependencies": {
            "mime": {
              "version": "1.2.6"
            }
          }
        },
        "cookie-signature": {
          "version": "0.0.1"
        },
        "debug": {
          "version": "0.7.2"
        }
      }
    },
    "express3-handlebars": {
      "version": "0.3.2",
      "dependencies": {
        "async": {
          "version": "0.1.22"
        },
        "glob": {
          "version": "3.1.21",
          "dependencies": {
            "minimatch": {
              "version": "0.2.11",
              "dependencies": {
                "lru-cache": {
                  "version": "2.2.2"
                },
                "sigmund": {
                  "version": "1.0.0"
                }
              }
            },
            "graceful-fs": {
              "version": "1.2.0"
            },
            "inherits": {
              "version": "1.0.0"
            }
          }
        },
        "semver": {
          "version": "1.1.4"
        }
      }
    },
    "handlebars": {
      "version": "1.0.10",
      "dependencies": {
        "optimist": {
          "version": "0.3.5",
          "dependencies": {
            "wordwrap": {
              "version": "0.0.2"
            }
          }
        },
        "uglify-js": {
          "version": "1.2.6"
        }
      }
    }
  }
}
